// !$*UTF8*$!
{
	archiveVersion = 1;
	classes = {
	};
	objectVersion = 56;
	objects = {

/* Begin PBXBuildFile section */
		15499C9728E19EDD00925C47 /* Glass_MorphismApp.swift in Sources */ = {isa = PBXBuildFile; fileRef = 15499C9628E19EDD00925C47 /* Glass_MorphismApp.swift */; };
		15499C9928E19EDD00925C47 /* ContentView.swift in Sources */ = {isa = PBXBuildFile; fileRef = 15499C9828E19EDD00925C47 /* ContentView.swift */; };
		15499C9B28E19EDF00925C47 /* Assets.xcassets in Resources */ = {isa = PBXBuildFile; fileRef = 15499C9A28E19EDF00925C47 /* Assets.xcassets */; };
		15499C9E28E19EDF00925C47 /* Preview Assets.xcassets in Resources */ = {isa = PBXBuildFile; fileRef = 15499C9D28E19EDF00925C47 /* Preview Assets.xcassets */; };
		15499CA828E19EDF00925C47 /* Glass_MorphismTests.swift in Sources */ = {isa = PBXBuildFile; fileRef = 15499CA728E19EDF00925C47 /* Glass_MorphismTests.swift */; };
		15499CB228E19EDF00925C47 /* Glass_MorphismUITests.swift in Sources */ = {isa = PBXBuildFile; fileRef = 15499CB128E19EDF00925C47 /* Glass_MorphismUITests.swift */; };
		15499CB428E19EDF00925C47 /* Glass_MorphismUITestsLaunchTests.swift in Sources */ = {isa = PBXBuildFile; fileRef = 15499CB328E19EDF00925C47 /* Glass_MorphismUITestsLaunchTests.swift */; };
		15499CC228E19F0F00925C47 /* Home.swift in Sources */ = {isa = PBXBuildFile; fileRef = 15499CC128E19F0F00925C47 /* Home.swift */; };
/* End PBXBuildFile section */

/* Begin PBXContainerItemProxy section */
		15499CA428E19EDF00925C47 /* PBXContainerItemProxy */ = {
			isa = PBXContainerItemProxy;
			containerPortal = 15499C8B28E19EDD00925C47 /* Project object */;
			proxyType = 1;
			remoteGlobalIDString = 15499C9228E19EDD00925C47;
			remoteInfo = "Glass Morphism";
		};
		15499CAE28E19EDF00925C47 /* PBXContainerItemProxy */ = {
			isa = PBXContainerItemProxy;
			containerPortal = 15499C8B28E19EDD00925C47 /* Project object */;
			proxyType = 1;
			remoteGlobalIDString = 15499C9228E19EDD00925C47;
			remoteInfo = "Glass Morphism";
		};
/* End PBXContainerItemProxy section */

/* Begin PBXFileReference section */
		15499C9328E19EDD00925C47 /* Glass Morphism.app */ = {isa = PBXFileReference; explicitFileType = wrapper.application; includeInIndex = 0; path = "Glass Morphism.app"; sourceTree = BUILT_PRODUCTS_DIR; };
		15499C9628E19EDD00925C47 /* Glass_MorphismApp.swift */ = {isa = PBXFileReference; lastKnownFileType = sourcecode.swift; path = Glass_MorphismApp.swift; sourceTree = "<group>"; };
		15499C9828E19EDD00925C47 /* ContentView.swift */ = {isa = PBXFileReference; lastKnownFileType = sourcecode.swift; path = ContentView.swift; sourceTree = "<group>"; };
		15499C9A28E19EDF00925C47 /* Assets.xcassets */ = {isa = PBXFileReference; lastKnownFileType = folder.assetcatalog; path = Assets.xcassets; sourceTree = "<group>"; };
		15499C9D28E19EDF00925C47 /* Preview Assets.xcassets */ = {isa = PBXFileReference; lastKnownFileType = folder.assetcatalog; path = "Preview Assets.xcassets"; sourceTree = "<group>"; };
		15499CA328E19EDF00925C47 /* Glass MorphismTests.xctest */ = {isa = PBXFileReference; explicitFileType = wrapper.cfbundle; includeInIndex = 0; path = "Glass MorphismTests.xctest"; sourceTree = BUILT_PRODUCTS_DIR; };
		15499CA728E19EDF00925C47 /* Glass_MorphismTests.swift */ = {isa = PBXFileReference; lastKnownFileType = sourcecode.swift; path = Glass_MorphismTests.swift; sourceTree = "<group>"; };
		15499CAD28E19EDF00925C47 /* Glass MorphismUITests.xctest */ = {isa = PBXFileReference; explicitFileType = wrapper.cfbundle; includeInIndex = 0; path = "Glass MorphismUITests.xctest"; sourceTree = BUILT_PRODUCTS_DIR; };
		15499CB128E19EDF00925C47 /* Glass_MorphismUITests.swift */ = {isa = PBXFileReference; lastKnownFileType = sourcecode.swift; path = Glass_MorphismUITests.swift; sourceTree = "<group>"; };
		15499CB328E19EDF00925C47 /* Glass_MorphismUITestsLaunchTests.swift */ = {isa = PBXFileReference; lastKnownFileType = sourcecode.swift; path = Glass_MorphismUITestsLaunchTests.swift; sourceTree = "<group>"; };
		15499CC128E19F0F00925C47 /* Home.swift */ = {isa = PBXFileReference; lastKnownFileType = sourcecode.swift; path = Home.swift; sourceTree = "<group>"; };
/* End PBXFileReference section */

/* Begin PBXFrameworksBuildPhase section */
		15499C9028E19EDD00925C47 /* Frameworks */ = {
			isa = PBXFrameworksBuildPhase;
			buildActionMask = 2147483647;
			files = (
			);
			runOnlyForDeploymentPostprocessing = 0;
		};
		15499CA028E19EDF00925C47 /* Frameworks */ = {
			isa = PBXFrameworksBuildPhase;
			buildActionMask = 2147483647;
			files = (
			);
			runOnlyForDeploymentPostprocessing = 0;
		};
		15499CAA28E19EDF00925C47 /* Frameworks */ = {
			isa = PBXFrameworksBuildPhase;
			buildActionMask = 2147483647;
			files = (
			);
			runOnlyForDeploymentPostprocessing = 0;
		};
/* End PBXFrameworksBuildPhase section */

/* Begin PBXGroup section */
		15499C8A28E19EDD00925C47 = {
			isa = PBXGroup;
			children = (
				15499C9528E19EDD00925C47 /* Glass Morphism */,
				15499CA628E19EDF00925C47 /* Glass MorphismTests */,
				15499CB028E19EDF00925C47 /* Glass MorphismUITests */,
				15499C9428E19EDD00925C47 /* Products */,
			);
			sourceTree = "<group>";
		};
		15499C9428E19EDD00925C47 /* Products */ = {
			isa = PBXGroup;
			children = (
				15499C9328E19EDD00925C47 /* Glass Morphism.app */,
				15499CA328E19EDF00925C47 /* Glass MorphismTests.xctest */,
				15499CAD28E19EDF00925C47 /* Glass MorphismUITests.xctest */,
			);
			name = Products;
			sourceTree = "<group>";
		};
		15499C9528E19EDD00925C47 /* Glass Morphism */ = {
			isa = PBXGroup;
			children = (
				15499C9628E19EDD00925C47 /* Glass_MorphismApp.swift */,
				15499C9828E19EDD00925C47 /* ContentView.swift */,
				15499CC028E19F0100925C47 /* View */,
				15499C9A28E19EDF00925C47 /* Assets.xcassets */,
				15499C9C28E19EDF00925C47 /* Preview Content */,
			);
			path = "Glass Morphism";
			sourceTree = "<group>";
		};
		15499C9C28E19EDF00925C47 /* Preview Content */ = {
			isa = PBXGroup;
			children = (
				15499C9D28E19EDF00925C47 /* Preview Assets.xcassets */,
			);
			path = "Preview Content";
			sourceTree = "<group>";
		};
		15499CA628E19EDF00925C47 /* Glass MorphismTests */ = {
			isa = PBXGroup;
			children = (
				15499CA728E19EDF00925C47 /* Glass_MorphismTests.swift */,
			);
			path = "Glass MorphismTests";
			sourceTree = "<group>";
		};
		15499CB028E19EDF00925C47 /* Glass MorphismUITests */ = {
			isa = PBXGroup;
			children = (
				15499CB128E19EDF00925C47 /* Glass_MorphismUITests.swift */,
				15499CB328E19EDF00925C47 /* Glass_MorphismUITestsLaunchTests.swift */,
			);
			path = "Glass MorphismUITests";
			sourceTree = "<group>";
		};
		15499CC028E19F0100925C47 /* View */ = {
			isa = PBXGroup;
			children = (
				15499CC128E19F0F00925C47 /* Home.swift */,
			);
			path = View;
			sourceTree = "<group>";
		};
/* End PBXGroup section */

/* Begin PBXNativeTarget section */
		15499C9228E19EDD00925C47 /* Glass Morphism */ = {
			isa = PBXNativeTarget;
			buildConfigurationList = 15499CB728E19EDF00925C47 /* Build configuration list for PBXNativeTarget "Glass Morphism" */;
			buildPhases = (
				15499C8F28E19EDD00925C47 /* Sources */,
				15499C9028E19EDD00925C47 /* Frameworks */,
				15499C9128E19EDD00925C47 /* Resources */,
			);
			buildRules = (
			);
			dependencies = (
			);
			name = "Glass Morphism";
			productName = "Glass Morphism";
			productReference = 15499C9328E19EDD00925C47 /* Glass Morphism.app */;
			productType = "com.apple.product-type.application";
		};
		15499CA228E19EDF00925C47 /* Glass MorphismTests */ = {
			isa = PBXNativeTarget;
			buildConfigurationList = 15499CBA28E19EDF00925C47 /* Build configuration list for PBXNativeTarget "Glass MorphismTests" */;
			buildPhases = (
				15499C9F28E19EDF00925C47 /* Sources */,
				15499CA028E19EDF00925C47 /* Frameworks */,
				15499CA128E19EDF00925C47 /* Resources */,
			);
			buildRules = (
			);
			dependencies = (
				15499CA528E19EDF00925C47 /* PBXTargetDependency */,
			);
			name = "Glass MorphismTests";
			productName = "Glass MorphismTests";
			productReference = 15499CA328E19EDF00925C47 /* Glass MorphismTests.xctest */;
			productType = "com.apple.product-type.bundle.unit-test";
		};
		15499CAC28E19EDF00925C47 /* Glass MorphismUITests */ = {
			isa = PBXNativeTarget;
			buildConfigurationList = 15499CBD28E19EDF00925C47 /* Build configuration list for PBXNativeTarget "Glass MorphismUITests" */;
			buildPhases = (
				15499CA928E19EDF00925C47 /* Sources */,
				15499CAA28E19EDF00925C47 /* Frameworks */,
				15499CAB28E19EDF00925C47 /* Resources */,
			);
			buildRules = (
			);
			dependencies = (
				15499CAF28E19EDF00925C47 /* PBXTargetDependency */,
			);
			name = "Glass MorphismUITests";
			productName = "Glass MorphismUITests";
			productReference = 15499CAD28E19EDF00925C47 /* Glass MorphismUITests.xctest */;
			productType = "com.apple.product-type.bundle.ui-testing";
		};
/* End PBXNativeTarget section */

/* Begin PBXProject section */
		15499C8B28E19EDD00925C47 /* Project object */ = {
			isa = PBXProject;
			attributes = {
				BuildIndependentTargetsInParallel = 1;
				LastSwiftUpdateCheck = 1400;
				LastUpgradeCheck = 1400;
				TargetAttributes = {
					15499C9228E19EDD00925C47 = {
						CreatedOnToolsVersion = 14.0;
					};
					15499CA228E19EDF00925C47 = {
						CreatedOnToolsVersion = 14.0;
						TestTargetID = 15499C9228E19EDD00925C47;
					};
					15499CAC28E19EDF00925C47 = {
						CreatedOnToolsVersion = 14.0;
						TestTargetID = 15499C9228E19EDD00925C47;
					};
				};
			};
			buildConfigurationList = 15499C8E28E19EDD00925C47 /* Build configuration list for PBXProject "Glass Morphism" */;
			compatibilityVersion = "Xcode 14.0";
			developmentRegion = en;
			hasScannedForEncodings = 0;
			knownRegions = (
				en,
				Base,
			);
			mainGroup = 15499C8A28E19EDD00925C47;
			productRefGroup = 15499C9428E19EDD00925C47 /* Products */;
			projectDirPath = "";
			projectRoot = "";
			targets = (
				15499C9228E19EDD00925C47 /* Glass Morphism */,
				15499CA228E19EDF00925C47 /* Glass MorphismTests */,
				15499CAC28E19EDF00925C47 /* Glass MorphismUITests */,
			);
		};
/* End PBXProject section */

/* Begin PBXResourcesBuildPhase section */
		15499C9128E19EDD00925C47 /* Resources */ = {
			isa = PBXResourcesBuildPhase;
			buildActionMask = 2147483647;
			files = (
				15499C9E28E19EDF00925C47 /* Preview Assets.xcassets in Resources */,
				15499C9B28E19EDF00925C47 /* Assets.xcassets in Resources */,
			);
			runOnlyForDeploymentPostprocessing = 0;
		};
		15499CA128E19EDF00925C47 /* Resources */ = {
			isa = PBXResourcesBuildPhase;
			buildActionMask = 2147483647;
			files = (
			);
			runOnlyForDeploymentPostprocessing = 0;
		};
		15499CAB28E19EDF00925C47 /* Resources */ = {
			isa = PBXResourcesBuildPhase;
			buildActionMask = 2147483647;
			files = (
			);
			runOnlyForDeploymentPostprocessing = 0;
		};
/* End PBXResourcesBuildPhase section */

/* Begin PBXSourcesBuildPhase section */
		15499C8F28E19EDD00925C47 /* Sources */ = {
			isa = PBXSourcesBuildPhase;
			buildActionMask = 2147483647;
			files = (
				15499C9928E19EDD00925C47 /* ContentView.swift in Sources */,
				15499CC228E19F0F00925C47 /* Home.swift in Sources */,
				15499C9728E19EDD00925C47 /* Glass_MorphismApp.swift in Sources */,
			);
			runOnlyForDeploymentPostprocessing = 0;
		};
		15499C9F28E19EDF00925C47 /* Sources */ = {
			isa = PBXSourcesBuildPhase;
			buildActionMask = 2147483647;
			files = (
				15499CA828E19EDF00925C47 /* Glass_MorphismTests.swift in Sources */,
			);
			runOnlyForDeploymentPostprocessing = 0;
		};
		15499CA928E19EDF00925C47 /* Sources */ = {
			isa = PBXSourcesBuildPhase;
			buildActionMask = 2147483647;
			files = (
				15499CB428E19EDF00925C47 /* Glass_MorphismUITestsLaunchTests.swift in Sources */,
				15499CB228E19EDF00925C47 /* Glass_MorphismUITests.swift in Sources */,
			);
			runOnlyForDeploymentPostprocessing = 0;
		};
/* End PBXSourcesBuildPhase section */

/* Begin PBXTargetDependency section */
		15499CA528E19EDF00925C47 /* PBXTargetDependency */ = {
			isa = PBXTargetDependency;
			target = 15499C9228E19EDD00925C47 /* Glass Morphism */;
			targetProxy = 15499CA428E19EDF00925C47 /* PBXContainerItemProxy */;
		};
		15499CAF28E19EDF00925C47 /* PBXTargetDependency */ = {
			isa = PBXTargetDependency;
			target = 15499C9228E19EDD00925C47 /* Glass Morphism */;
			targetProxy = 15499CAE28E19EDF00925C47 /* PBXContainerItemProxy */;
		};
/* End PBXTargetDependency section */

/* Begin XCBuildConfiguration section */
		15499CB528E19EDF00925C47 /* Debug */ = {
			isa = XCBuildConfiguration;
			buildSettings = {
				ALWAYS_SEARCH_USER_PATHS = NO;
				CLANG_ANALYZER_NONNULL = YES;
				CLANG_ANALYZER_NUMBER_OBJECT_CONVERSION = YES_AGGRESSIVE;
				CLANG_CXX_LANGUAGE_STANDARD = "gnu++20";
				CLANG_ENABLE_MODULES = YES;
				CLANG_ENABLE_OBJC_ARC = YES;
				CLANG_ENABLE_OBJC_WEAK = YES;
				CLANG_WARN_BLOCK_CAPTURE_AUTORELEASING = YES;
				CLANG_WARN_BOOL_CONVERSION = YES;
				CLANG_WARN_COMMA = YES;
				CLANG_WARN_CONSTANT_CONVERSION = YES;
				CLANG_WARN_DEPRECATED_OBJC_IMPLEMENTATIONS = YES;
				CLANG_WARN_DIRECT_OBJC_ISA_USAGE = YES_ERROR;
				CLANG_WARN_DOCUMENTATION_COMMENTS = YES;
				CLANG_WARN_EMPTY_BODY = YES;
				CLANG_WARN_ENUM_CONVERSION = YES;
				CLANG_WARN_INFINITE_RECURSION = YES;
				CLANG_WARN_INT_CONVERSION = YES;
				CLANG_WARN_NON_LITERAL_NULL_CONVERSION = YES;
				CLANG_WARN_OBJC_IMPLICIT_RETAIN_SELF = YES;
				CLANG_WARN_OBJC_LITERAL_CONVERSION = YES;
				CLANG_WARN_OBJC_ROOT_CLASS = YES_ERROR;
				CLANG_WARN_QUOTED_INCLUDE_IN_FRAMEWORK_HEADER = YES;
				CLANG_WARN_RANGE_LOOP_ANALYSIS = YES;
				CLANG_WARN_STRICT_PROTOTYPES = YES;
				CLANG_WARN_SUSPICIOUS_MOVE = YES;
				CLANG_WARN_UNGUARDED_AVAILABILITY = YES_AGGRESSIVE;
				CLANG_WARN_UNREACHABLE_CODE = YES;
				CLANG_WARN__DUPLICATE_METHOD_MATCH = YES;
				COPY_PHASE_STRIP = NO;
				DEBUG_INFORMATION_FORMAT = dwarf;
				ENABLE_STRICT_OBJC_MSGSEND = YES;
				ENABLE_TESTABILITY = YES;
				GCC_C_LANGUAGE_STANDARD = gnu11;
				GCC_DYNAMIC_NO_PIC = NO;
				GCC_NO_COMMON_BLOCKS = YES;
				GCC_OPTIMIZATION_LEVEL = 0;
				GCC_PREPROCESSOR_DEFINITIONS = (
					"DEBUG=1",
					"$(inherited)",
				);
				GCC_WARN_64_TO_32_BIT_CONVERSION = YES;
				GCC_WARN_ABOUT_RETURN_TYPE = YES_ERROR;
				GCC_WARN_UNDECLARED_SELECTOR = YES;
				GCC_WARN_UNINITIALIZED_AUTOS = YES_AGGRESSIVE;
				GCC_WARN_UNUSED_FUNCTION = YES;
				GCC_WARN_UNUSED_VARIABLE = YES;
				IPHONEOS_DEPLOYMENT_TARGET = 16.0;
				MTL_ENABLE_DEBUG_INFO = INCLUDE_SOURCE;
				MTL_FAST_MATH = YES;
				ONLY_ACTIVE_ARCH = YES;
				SDKROOT = iphoneos;
				SWIFT_ACTIVE_COMPILATION_CONDITIONS = DEBUG;
				SWIFT_OPTIMIZATION_LEVEL = "-Onone";
			};
			name = Debug;
		};
		15499CB628E19EDF00925C47 /* Release */ = {
			isa = XCBuildConfiguration;
			buildSettings = {
				ALWAYS_SEARCH_USER_PATHS = NO;
				CLANG_ANALYZER_NONNULL = YES;
				CLANG_ANALYZER_NUMBER_OBJECT_CONVERSION = YES_AGGRESSIVE;
				CLANG_CXX_LANGUAGE_STANDARD = "gnu++20";
				CLANG_ENABLE_MODULES = YES;
				CLANG_ENABLE_OBJC_ARC = YES;
				CLANG_ENABLE_OBJC_WEAK = YES;
				CLANG_WARN_BLOCK_CAPTURE_AUTORELEASING = YES;
				CLANG_WARN_BOOL_CONVERSION = YES;
				CLANG_WARN_COMMA = YES;
				CLANG_WARN_CONSTANT_CONVERSION = YES;
				CLANG_WARN_DEPRECATED_OBJC_IMPLEMENTATIONS = YES;
				CLANG_WARN_DIRECT_OBJC_ISA_USAGE = YES_ERROR;
				CLANG_WARN_DOCUMENTATION_COMMENTS = YES;
				CLANG_WARN_EMPTY_BODY = YES;
				CLANG_WARN_ENUM_CONVERSION = YES;
				CLANG_WARN_INFINITE_RECURSION = YES;
				CLANG_WARN_INT_CONVERSION = YES;
				CLANG_WARN_NON_LITERAL_NULL_CONVERSION = YES;
				CLANG_WARN_OBJC_IMPLICIT_RETAIN_SELF = YES;
				CLANG_WARN_OBJC_LITERAL_CONVERSION = YES;
				CLANG_WARN_OBJC_ROOT_CLASS = YES_ERROR;
				CLANG_WARN_QUOTED_INCLUDE_IN_FRAMEWORK_HEADER = YES;
				CLANG_WARN_RANGE_LOOP_ANALYSIS = YES;
				CLANG_WARN_STRICT_PROTOTYPES = YES;
				CLANG_WARN_SUSPICIOUS_MOVE = YES;
				CLANG_WARN_UNGUARDED_AVAILABILITY = YES_AGGRESSIVE;
				CLANG_WARN_UNREACHABLE_CODE = YES;
				CLANG_WARN__DUPLICATE_METHOD_MATCH = YES;
				COPY_PHASE_STRIP = NO;
				DEBUG_INFORMATION_FORMAT = "dwarf-with-dsym";
				ENABLE_NS_ASSERTIONS = NO;
				ENABLE_STRICT_OBJC_MSGSEND = YES;
				GCC_C_LANGUAGE_STANDARD = gnu11;
				GCC_NO_COMMON_BLOCKS = YES;
				GCC_WARN_64_TO_32_BIT_CONVERSION = YES;
				GCC_WARN_ABOUT_RETURN_TYPE = YES_ERROR;
				GCC_WARN_UNDECLARED_SELECTOR = YES;
				GCC_WARN_UNINITIALIZED_AUTOS = YES_AGGRESSIVE;
				GCC_WARN_UNUSED_FUNCTION = YES;
				GCC_WARN_UNUSED_VARIABLE = YES;
				IPHONEOS_DEPLOYMENT_TARGET = 16.0;
				MTL_ENABLE_DEBUG_INFO = NO;
				MTL_FAST_MATH = YES;
				SDKROOT = iphoneos;
				SWIFT_COMPILATION_MODE = wholemodule;
				SWIFT_OPTIMIZATION_LEVEL = "-O";
				VALIDATE_PRODUCT = YES;
			};
			name = Release;
		};
		15499CB828E19EDF00925C47 /* Debug */ = {
			isa = XCBuildConfiguration;
			buildSettings = {
				ASSETCATALOG_COMPILER_APPICON_NAME = AppIcon;
				ASSETCATALOG_COMPILER_GLOBAL_ACCENT_COLOR_NAME = AccentColor;
				CODE_SIGN_STYLE = Automatic;
				CURRENT_PROJECT_VERSION = 1;
				DEVELOPMENT_ASSET_PATHS = "\"Glass Morphism/Preview Content\"";
				DEVELOPMENT_TEAM = X59FH7DDNB;
				ENABLE_PREVIEWS = YES;
				GENERATE_INFOPLIST_FILE = YES;
				INFOPLIST_KEY_UIApplicationSceneManifest_Generation = YES;
				INFOPLIST_KEY_UIApplicationSupportsIndirectInputEvents = YES;
				INFOPLIST_KEY_UILaunchScreen_Generation = YES;
				INFOPLIST_KEY_UISupportedInterfaceOrientations_iPad = "UIInterfaceOrientationPortrait UIInterfaceOrientationPortraitUpsideDown UIInterfaceOrientationLandscapeLeft UIInterfaceOrientationLandscapeRight";
				INFOPLIST_KEY_UISupportedInterfaceOrientations_iPhone = "UIInterfaceOrientationPortrait UIInterfaceOrientationLandscapeLeft UIInterfaceOrientationLandscapeRight";
				LD_RUNPATH_SEARCH_PATHS = (
					"$(inherited)",
					"@executable_path/Frameworks",
				);
				MARKETING_VERSION = 1.0;
				PRODUCT_BUNDLE_IDENTIFIER = "SW.Glass-Morphism";
				PRODUCT_NAME = "$(TARGET_NAME)";
				SWIFT_EMIT_LOC_STRINGS = YES;
				SWIFT_VERSION = 5.0;
				TARGETED_DEVICE_FAMILY = "1,2";
			};
			name = Debug;
		};
		15499CB928E19EDF00925C47 /* Release */ = {
			isa = XCBuildConfiguration;
			buildSettings = {
				ASSETCATALOG_COMPILER_APPICON_NAME = AppIcon;
				ASSETCATALOG_COMPILER_GLOBAL_ACCENT_COLOR_NAME = AccentColor;
				CODE_SIGN_STYLE = Automatic;
				CURRENT_PROJECT_VERSION = 1;
				DEVELOPMENT_ASSET_PATHS = "\"Glass Morphism/Preview Content\"";
				DEVELOPMENT_TEAM = X59FH7DDNB;
				ENABLE_PREVIEWS = YES;
				GENERATE_INFOPLIST_FILE = YES;
				INFOPLIST_KEY_UIApplicationSceneManifest_Generation = YES;
				INFOPLIST_KEY_UIApplicationSupportsIndirectInputEvents = YES;
				INFOPLIST_KEY_UILaunchScreen_Generation = YES;
				INFOPLIST_KEY_UISupportedInterfaceOrientations_iPad = "UIInterfaceOrientationPortrait UIInterfaceOrientationPortraitUpsideDown UIInterfaceOrientationLandscapeLeft UIInterfaceOrientationLandscapeRight";
				INFOPLIST_KEY_UISupportedInterfaceOrientations_iPhone = "UIInterfaceOrientationPortrait UIInterfaceOrientationLandscapeLeft UIInterfaceOrientationLandscapeRight";
				LD_RUNPATH_SEARCH_PATHS = (
					"$(inherited)",
					"@executable_path/Frameworks",
				);
				MARKETING_VERSION = 1.0;
				PRODUCT_BUNDLE_IDENTIFIER = "SW.Glass-Morphism";
				PRODUCT_NAME = "$(TARGET_NAME)";
				SWIFT_EMIT_LOC_STRINGS = YES;
				SWIFT_VERSION = 5.0;
				TARGETED_DEVICE_FAMILY = "1,2";
			};
			name = Release;
		};
		15499CBB28E19EDF00925C47 /* Debug */ = {
			isa = XCBuildConfiguration;
			buildSettings = {
				ALWAYS_EMBED_SWIFT_STANDARD_LIBRARIES = YES;
				BUNDLE_LOADER = "$(TEST_HOST)";
				CODE_SIGN_STYLE = Automatic;
				CURRENT_PROJECT_VERSION = 1;
				DEVELOPMENT_TEAM = X59FH7DDNB;
				GENERATE_INFOPLIST_FILE = YES;
				IPHONEOS_DEPLOYMENT_TARGET = 16.0;
				MARKETING_VERSION = 1.0;
				PRODUCT_BUNDLE_IDENTIFIER = "SW.Glass-MorphismTests";
				PRODUCT_NAME = "$(TARGET_NAME)";
				SWIFT_EMIT_LOC_STRINGS = NO;
				SWIFT_VERSION = 5.0;
				TARGETED_DEVICE_FAMILY = "1,2";
				TEST_HOST = "$(BUILT_PRODUCTS_DIR)/Glass Morphism.app/$(BUNDLE_EXECUTABLE_FOLDER_PATH)/Glass Morphism";
			};
			name = Debug;
		};
		15499CBC28E19EDF00925C47 /* Release */ = {
			isa = XCBuildConfiguration;
			buildSettings = {
				ALWAYS_EMBED_SWIFT_STANDARD_LIBRARIES = YES;
				BUNDLE_LOADER = "$(TEST_HOST)";
				CODE_SIGN_STYLE = Automatic;
				CURRENT_PROJECT_VERSION = 1;
				DEVELOPMENT_TEAM = X59FH7DDNB;
				GENERATE_INFOPLIST_FILE = YES;
				IPHONEOS_DEPLOYMENT_TARGET = 16.0;
				MARKETING_VERSION = 1.0;
				PRODUCT_BUNDLE_IDENTIFIER = "SW.Glass-MorphismTests";
				PRODUCT_NAME = "$(TARGET_NAME)";
				SWIFT_EMIT_LOC_STRINGS = NO;
				SWIFT_VERSION = 5.0;
				TARGETED_DEVICE_FAMILY = "1,2";
				TEST_HOST = "$(BUILT_PRODUCTS_DIR)/Glass Morphism.app/$(BUNDLE_EXECUTABLE_FOLDER_PATH)/Glass Morphism";
			};
			name = Release;
		};
		15499CBE28E19EDF00925C47 /* Debug */ = {
			isa = XCBuildConfiguration;
			buildSettings = {
				ALWAYS_EMBED_SWIFT_STANDARD_LIBRARIES = YES;
				CODE_SIGN_STYLE = Automatic;
				CURRENT_PROJECT_VERSION = 1;
				DEVELOPMENT_TEAM = X59FH7DDNB;
				GENERATE_INFOPLIST_FILE = YES;
				MARKETING_VERSION = 1.0;
				PRODUCT_BUNDLE_IDENTIFIER = "SW.Glass-MorphismUITests";
				PRODUCT_NAME = "$(TARGET_NAME)";
				SWIFT_EMIT_LOC_STRINGS = NO;
				SWIFT_VERSION = 5.0;
				TARGETED_DEVICE_FAMILY = "1,2";
				TEST_TARGET_NAME = "Glass Morphism";
			};
			name = Debug;
		};
		15499CBF28E19EDF00925C47 /* Release */ = {
			isa = XCBuildConfiguration;
			buildSettings = {
				ALWAYS_EMBED_SWIFT_STANDARD_LIBRARIES = YES;
				CODE_SIGN_STYLE = Automatic;
				CURRENT_PROJECT_VERSION = 1;
				DEVELOPMENT_TEAM = X59FH7DDNB;
				GENERATE_INFOPLIST_FILE = YES;
				MARKETING_VERSION = 1.0;
				PRODUCT_BUNDLE_IDENTIFIER = "SW.Glass-MorphismUITests";
				PRODUCT_NAME = "$(TARGET_NAME)";
				SWIFT_EMIT_LOC_STRINGS = NO;
				SWIFT_VERSION = 5.0;
				TARGETED_DEVICE_FAMILY = "1,2";
				TEST_TARGET_NAME = "Glass Morphism";
			};
			name = Release;
		};
/* End XCBuildConfiguration section */

/* Begin XCConfigurationList section */
		15499C8E28E19EDD00925C47 /* Build configuration list for PBXProject "Glass Morphism" */ = {
			isa = XCConfigurationList;
			buildConfigurations = (
				15499CB528E19EDF00925C47 /* Debug */,
				15499CB628E19EDF00925C47 /* Release */,
			);
			defaultConfigurationIsVisible = 0;
			defaultConfigurationName = Release;
		};
		15499CB728E19EDF00925C47 /* Build configuration list for PBXNativeTarget "Glass Morphism" */ = {
			isa = XCConfigurationList;
			buildConfigurations = (
				15499CB828E19EDF00925C47 /* Debug */,
				15499CB928E19EDF00925C47 /* Release */,
			);
			defaultConfigurationIsVisible = 0;
			defaultConfigurationName = Release;
		};
		15499CBA28E19EDF00925C47 /* Build configuration list for PBXNativeTarget "Glass MorphismTests" */ = {
			isa = XCConfigurationList;
			buildConfigurations = (
				15499CBB28E19EDF00925C47 /* Debug */,
				15499CBC28E19EDF00925C47 /* Release */,
			);
			defaultConfigurationIsVisible = 0;
			defaultConfigurationName = Release;
		};
		15499CBD28E19EDF00925C47 /* Build configuration list for PBXNativeTarget "Glass MorphismUITests" */ = {
			isa = XCConfigurationList;
			buildConfigurations = (
				15499CBE28E19EDF00925C47 /* Debug */,
				15499CBF28E19EDF00925C47 /* Release */,
			);
			defaultConfigurationIsVisible = 0;
			defaultConfigurationName = Release;
		};
/* End XCConfigurationList section */
	};
	rootObject = 15499C8B28E19EDD00925C47 /* Project object */;
}
